
Microsoft Visual Studio Solution File, Format Version 12.00
# Visual Studio 2012
Project("{FAE04EC0-301F-11D3-BF4B-00C04F79EFBC}") = "OmotVncProtocol", "OmotVncProtocol\OmotVncProtocol.csproj", "{057D60C5-3B84-4182-AF5D-3ACB277DC4F7}"
EndProject
Project("{FAE04EC0-301F-11D3-BF4B-00C04F79EFBC}") = "OmotVnc", "OmotVnc\OmotVnc.csproj", "{D287F0C1-F369-4F8D-92DE-0CE4CC8D4B48}"
EndProject
Project("{FAE04EC0-301F-11D3-BF4B-00C04F79EFBC}") = "OldManOfTheVncMetro", "OldManOfTheVncMetro\OldManOfTheVncMetro.csproj", "{ACCB1674-0663-49AA-A837-47FB8D2775A3}"
EndProject
Project("{FAE04EC0-301F-11D3-BF4B-00C04F79EFBC}") = "OmotVnc.Metro.Protocol", "OmotVnc.Metro.Protocol\OmotVnc.Metro.Protocol.csproj", "{311CB00D-BFC1-4E83-8926-81483489B9A7}"
EndProject
Global
	GlobalSection(SolutionConfigurationPlatforms) = preSolution
		Debug|Any CPU = Debug|Any CPU
		Debug|ARM = Debug|ARM
		Debug|x64 = Debug|x64
		Debug|x86 = Debug|x86
		Release|Any CPU = Release|Any CPU
		Release|ARM = Release|ARM
		Release|x64 = Release|x64
		Release|x86 = Release|x86
	EndGlobalSection
	GlobalSection(ProjectConfigurationPlatforms) = postSolution
		{057D60C5-3B84-4182-AF5D-3ACB277DC4F7}.Debug|Any CPU.ActiveCfg = Debug|x86
		{057D60C5-3B84-4182-AF5D-3ACB277DC4F7}.Debug|Any CPU.Build.0 = Debug|x86
		{057D60C5-3B84-4182-AF5D-3ACB277DC4F7}.Debug|ARM.ActiveCfg = Debug|x86
		{057D60C5-3B84-4182-AF5D-3ACB277DC4F7}.Debug|x64.ActiveCfg = Debug|x86
		{057D60C5-3B84-4182-AF5D-3ACB277DC4F7}.Debug|x86.ActiveCfg = Debug|x86
		{057D60C5-3B84-4182-AF5D-3ACB277DC4F7}.Debug|x86.Build.0 = Debug|x86
		{057D60C5-3B84-4182-AF5D-3ACB277DC4F7}.Release|Any CPU.ActiveCfg = Release|x86
		{057D60C5-3B84-4182-AF5D-3ACB277DC4F7}.Release|Any CPU.Build.0 = Release|x86
		{057D60C5-3B84-4182-AF5D-3ACB277DC4F7}.Release|ARM.ActiveCfg = Release|x86
		{057D60C5-3B84-4182-AF5D-3ACB277DC4F7}.Release|x64.ActiveCfg = Release|x86
		{057D60C5-3B84-4182-AF5D-3ACB277DC4F7}.Release|x86.ActiveCfg = Release|x86
		{057D60C5-3B84-4182-AF5D-3ACB277DC4F7}.Release|x86.Build.0 = Release|x86
		{D287F0C1-F369-4F8D-92DE-0CE4CC8D4B48}.Debug|Any CPU.ActiveCfg = Debug|x86
		{D287F0C1-F369-4F8D-92DE-0CE4CC8D4B48}.Debug|Any CPU.Build.0 = Debug|x86
		{D287F0C1-F369-4F8D-92DE-0CE4CC8D4B48}.Debug|ARM.ActiveCfg = Debug|x86
		{D287F0C1-F369-4F8D-92DE-0CE4CC8D4B48}.Debug|x64.ActiveCfg = Debug|x86
		{D287F0C1-F369-4F8D-92DE-0CE4CC8D4B48}.Debug|x86.ActiveCfg = Debug|x86
		{D287F0C1-F369-4F8D-92DE-0CE4CC8D4B48}.Debug|x86.Build.0 = Debug|x86
		{D287F0C1-F369-4F8D-92DE-0CE4CC8D4B48}.Release|Any CPU.ActiveCfg = Release|x86
		{D287F0C1-F369-4F8D-92DE-0CE4CC8D4B48}.Release|Any CPU.Build.0 = Release|x86
		{D287F0C1-F369-4F8D-92DE-0CE4CC8D4B48}.Release|ARM.ActiveCfg = Release|x86
		{D287F0C1-F369-4F8D-92DE-0CE4CC8D4B48}.Release|x64.ActiveCfg = Release|x86
		{D287F0C1-F369-4F8D-92DE-0CE4CC8D4B48}.Release|x86.ActiveCfg = Release|x86
		{D287F0C1-F369-4F8D-92DE-0CE4CC8D4B48}.Release|x86.Build.0 = Release|x86
		{ACCB1674-0663-49AA-A837-47FB8D2775A3}.Debug|Any CPU.ActiveCfg = Debug|Any CPU
		{ACCB1674-0663-49AA-A837-47FB8D2775A3}.Debug|Any CPU.Build.0 = Debug|Any CPU
		{ACCB1674-0663-49AA-A837-47FB8D2775A3}.Debug|Any CPU.Deploy.0 = Debug|Any CPU
		{ACCB1674-0663-49AA-A837-47FB8D2775A3}.Debug|ARM.ActiveCfg = Debug|ARM
		{ACCB1674-0663-49AA-A837-47FB8D2775A3}.Debug|ARM.Build.0 = Debug|ARM
		{ACCB1674-0663-49AA-A837-47FB8D2775A3}.Debug|ARM.Deploy.0 = Debug|ARM
		{ACCB1674-0663-49AA-A837-47FB8D2775A3}.Debug|x64.ActiveCfg = Debug|x64
		{ACCB1674-0663-49AA-A837-47FB8D2775A3}.Debug|x64.Build.0 = Debug|x64
		{ACCB1674-0663-49AA-A837-47FB8D2775A3}.Debug|x64.Deploy.0 = Debug|x64
		{ACCB1674-0663-49AA-A837-47FB8D2775A3}.Debug|x86.ActiveCfg = Debug|x86
		{ACCB1674-0663-49AA-A837-47FB8D2775A3}.Debug|x86.Build.0 = Debug|x86
		{ACCB1674-0663-49AA-A837-47FB8D2775A3}.Debug|x86.Deploy.0 = Debug|x86
		{ACCB1674-0663-49AA-A837-47FB8D2775A3}.Release|Any CPU.ActiveCfg = Release|Any CPU
		{ACCB1674-0663-49AA-A837-47FB8D2775A3}.Release|Any CPU.Build.0 = Release|Any CPU
		{ACCB1674-0663-49AA-A837-47FB8D2775A3}.Release|Any CPU.Deploy.0 = Release|Any CPU
		{ACCB1674-0663-49AA-A837-47FB8D2775A3}.Release|ARM.ActiveCfg = Release|ARM
		{ACCB1674-0663-49AA-A837-47FB8D2775A3}.Release|ARM.Build.0 = Release|ARM
		{ACCB1674-0663-49AA-A837-47FB8D2775A3}.Release|ARM.Deploy.0 = Release|ARM
		{ACCB1674-0663-49AA-A837-47FB8D2775A3}.Release|x64.ActiveCfg = Release|x64
		{ACCB1674-0663-49AA-A837-47FB8D2775A3}.Release|x64.Build.0 = Release|x64
		{ACCB1674-0663-49AA-A837-47FB8D2775A3}.Release|x64.Deploy.0 = Release|x64
		{ACCB1674-0663-49AA-A837-47FB8D2775A3}.Release|x86.ActiveCfg = Release|x86
		{ACCB1674-0663-49AA-A837-47FB8D2775A3}.Release|x86.Build.0 = Release|x86
		{ACCB1674-0663-49AA-A837-47FB8D2775A3}.Release|x86.Deploy.0 = Release|x86
		{311CB00D-BFC1-4E83-8926-81483489B9A7}.Debug|Any CPU.ActiveCfg = Debug|Any CPU
		{311CB00D-BFC1-4E83-8926-81483489B9A7}.Debug|Any CPU.Build.0 = Debug|Any CPU
		{311CB00D-BFC1-4E83-8926-81483489B9A7}.Debug|ARM.ActiveCfg = Debug|ARM
		{311CB00D-BFC1-4E83-8926-81483489B9A7}.Debug|ARM.Build.0 = Debug|ARM
		{311CB00D-BFC1-4E83-8926-81483489B9A7}.Debug|x64.ActiveCfg = Debug|x64
		{311CB00D-BFC1-4E83-8926-81483489B9A7}.Debug|x64.Build.0 = Debug|x64
		{311CB00D-BFC1-4E83-8926-81483489B9A7}.Debug|x86.ActiveCfg = Debug|x86
		{311CB00D-BFC1-4E83-8926-81483489B9A7}.Debug|x86.Build.0 = Debug|x86
		{311CB00D-BFC1-4E83-8926-81483489B9A7}.Release|Any CPU.ActiveCfg = Release|Any CPU
		{311CB00D-BFC1-4E83-8926-81483489B9A7}.Release|Any CPU.Build.0 = Release|Any CPU
		{311CB00D-BFC1-4E83-8926-81483489B9A7}.Release|ARM.ActiveCfg = Release|ARM
		{311CB00D-BFC1-4E83-8926-81483489B9A7}.Release|ARM.Build.0 = Release|ARM
		{311CB00D-BFC1-4E83-8926-81483489B9A7}.Release|x64.ActiveCfg = Release|x64
		{311CB00D-BFC1-4E83-8926-81483489B9A7}.Release|x64.Build.0 = Release|x64
		{311CB00D-BFC1-4E83-8926-81483489B9A7}.Release|x86.ActiveCfg = Release|x86
		{311CB00D-BFC1-4E83-8926-81483489B9A7}.Release|x86.Build.0 = Release|x86
	EndGlobalSection
	GlobalSection(SolutionProperties) = preSolution
		HideSolutionNode = FALSE
	EndGlobalSection
EndGlobal
